
Microsoft Visual Studio Solution File, Format Version 12.00
# Visual Studio Version 16
VisualStudioVersion = 16.0.29215.179
MinimumVisualStudioVersion = 10.0.40219.1
Project("{FAE04EC0-301F-11D3-BF4B-00C04F79EFBC}") = "OnlineStore.Model", "OnlineStore.Model\OnlineStore.Model.csproj", "{EE9F0089-5EDF-45B5-9740-9FB6E3405CA9}"
EndProject
Global
	GlobalSection(SolutionConfigurationPlatforms) = preSolution
		Debug|Any CPU = Debug|Any CPU
		Release|Any CPU = Release|Any CPU
	EndGlobalSection
	GlobalSection(ProjectConfigurationPlatforms) = postSolution
		{EE9F0089-5EDF-45B5-9740-9FB6E3405CA9}.Debug|Any CPU.ActiveCfg = Debug|Any CPU
		{EE9F0089-5EDF-45B5-9740-9FB6E3405CA9}.Debug|Any CPU.Build.0 = Debug|Any CPU
		{EE9F0089-5EDF-45B5-9740-9FB6E3405CA9}.Release|Any CPU.ActiveCfg = Release|Any CPU
		{EE9F0089-5EDF-45B5-9740-9FB6E3405CA9}.Release|Any CPU.Build.0 = Release|Any CPU
	EndGlobalSection
	GlobalSection(SolutionProperties) = preSolution
		HideSolutionNode = FALSE
	EndGlobalSection
	GlobalSection(ExtensibilityGlobals) = postSolution
		SolutionGuid = {3E74220F-9E2B-4836-87C8-71B821A57484}
	EndGlobalSection
EndGlobal
